// !$*UTF8*$!
{
	archiveVersion = 1;
	classes = {
	};
	objectVersion = 56;
	objects = {

/* Begin PBXBuildFile section */
		FA0C4EB12A55608500FA8B90 /* Design.swift in Sources */ = {isa = PBXBuildFile; fileRef = FA0C4EB02A55608500FA8B90 /* Design.swift */; };
		FA107E292A5597580023862E /* Alamofire in Frameworks */ = {isa = PBXBuildFile; productRef = FA107E282A5597580023862E /* Alamofire */; };
		FA1E871C2A4F182D0040E1DF /* DataHandler.swift in Sources */ = {isa = PBXBuildFile; fileRef = FA1E871B2A4F182D0040E1DF /* DataHandler.swift */; };
		FA1E87202A4F1ABB0040E1DF /* JourneyTileView.swift in Sources */ = {isa = PBXBuildFile; fileRef = FA1E871F2A4F1ABB0040E1DF /* JourneyTileView.swift */; };
		FA27CD5D2A56C70C003524C3 /* UserData.swift in Sources */ = {isa = PBXBuildFile; fileRef = FA27CD5C2A56C70C003524C3 /* UserData.swift */; };
		FA27CD5F2A56D35B003524C3 /* Utility.swift in Sources */ = {isa = PBXBuildFile; fileRef = FA27CD5E2A56D35B003524C3 /* Utility.swift */; };
		FA328A4F2A543B9F00978DB7 /* SearchJourneyTileView.swift in Sources */ = {isa = PBXBuildFile; fileRef = FA328A4E2A543B9F00978DB7 /* SearchJourneyTileView.swift */; };
		FA4984E42A4D68DE00F683CF /* NotificationHelper.swift in Sources */ = {isa = PBXBuildFile; fileRef = FA4984E32A4D68DE00F683CF /* NotificationHelper.swift */; };
		FA4984E82A4EAB5300F683CF /* SelectJourneyView.swift in Sources */ = {isa = PBXBuildFile; fileRef = FA4984E72A4EAB5300F683CF /* SelectJourneyView.swift */; };
		FA4984EA2A4EAB9100F683CF /* MainTabView.swift in Sources */ = {isa = PBXBuildFile; fileRef = FA4984E92A4EAB9100F683CF /* MainTabView.swift */; };
		FA4984EC2A4EAD2500F683CF /* AccountSettingsView.swift in Sources */ = {isa = PBXBuildFile; fileRef = FA4984EB2A4EAD2500F683CF /* AccountSettingsView.swift */; };
		FA4F8BBC2A530731003877C2 /* CurrentJourneyTileView.swift in Sources */ = {isa = PBXBuildFile; fileRef = FA4F8BBB2A530731003877C2 /* CurrentJourneyTileView.swift */; };
		FAAB405C2A49D02900134323 /* FaehrtSie_iOSApp.swift in Sources */ = {isa = PBXBuildFile; fileRef = FAAB405B2A49D02900134323 /* FaehrtSie_iOSApp.swift */; };
		FAAB405E2A49D02900134323 /* ContentView.swift in Sources */ = {isa = PBXBuildFile; fileRef = FAAB405D2A49D02900134323 /* ContentView.swift */; };
		FAAB40602A49D02D00134323 /* Assets.xcassets in Resources */ = {isa = PBXBuildFile; fileRef = FAAB405F2A49D02D00134323 /* Assets.xcassets */; };
		FAAB40642A49D02D00134323 /* Preview Assets.xcassets in Resources */ = {isa = PBXBuildFile; fileRef = FAAB40632A49D02D00134323 /* Preview Assets.xcassets */; };
		FAAB406E2A49D02E00134323 /* FaehrtSie_iOSTests.swift in Sources */ = {isa = PBXBuildFile; fileRef = FAAB406D2A49D02E00134323 /* FaehrtSie_iOSTests.swift */; };
		FAAB40782A49D02E00134323 /* FaehrtSie_iOSUITests.swift in Sources */ = {isa = PBXBuildFile; fileRef = FAAB40772A49D02E00134323 /* FaehrtSie_iOSUITests.swift */; };
		FAAB407A2A49D02E00134323 /* FaehrtSie_iOSUITestsLaunchTests.swift in Sources */ = {isa = PBXBuildFile; fileRef = FAAB40792A49D02E00134323 /* FaehrtSie_iOSUITestsLaunchTests.swift */; };
		FAD6F5212A55D97B0081CD76 /* Schedule.swift in Sources */ = {isa = PBXBuildFile; fileRef = FAD6F5202A55D97B0081CD76 /* Schedule.swift */; };
		FADE707E2A55A4FE00B3E2A4 /* NetworkHandler.swift in Sources */ = {isa = PBXBuildFile; fileRef = FADE707D2A55A4FE00B3E2A4 /* NetworkHandler.swift */; };
		FAE719BA2A4EB83500F12E2E /* NextRidesView.swift in Sources */ = {isa = PBXBuildFile; fileRef = FAE719B92A4EB83400F12E2E /* NextRidesView.swift */; };
		FAE719BD2A4EC36800F12E2E /* Journey.swift in Sources */ = {isa = PBXBuildFile; fileRef = FAE719BC2A4EC36800F12E2E /* Journey.swift */; };
		FAF604962A58053E00AEC499 /* ErrorFerryTileView.swift in Sources */ = {isa = PBXBuildFile; fileRef = FAF604952A58053E00AEC499 /* ErrorFerryTileView.swift */; };
/* End PBXBuildFile section */

/* Begin PBXContainerItemProxy section */
		FAAB406A2A49D02E00134323 /* PBXContainerItemProxy */ = {
			isa = PBXContainerItemProxy;
			containerPortal = FAAB40502A49D02900134323 /* Project object */;
			proxyType = 1;
			remoteGlobalIDString = FAAB40572A49D02900134323;
			remoteInfo = "FaehrtSie-iOS";
		};
		FAAB40742A49D02E00134323 /* PBXContainerItemProxy */ = {
			isa = PBXContainerItemProxy;
			containerPortal = FAAB40502A49D02900134323 /* Project object */;
			proxyType = 1;
			remoteGlobalIDString = FAAB40572A49D02900134323;
			remoteInfo = "FaehrtSie-iOS";
		};
/* End PBXContainerItemProxy section */

/* Begin PBXFileReference section */
		FA0C4EB02A55608500FA8B90 /* Design.swift */ = {isa = PBXFileReference; lastKnownFileType = sourcecode.swift; path = Design.swift; sourceTree = "<group>"; };
		FA1E871B2A4F182D0040E1DF /* DataHandler.swift */ = {isa = PBXFileReference; lastKnownFileType = sourcecode.swift; path = DataHandler.swift; sourceTree = "<group>"; };
		FA1E871F2A4F1ABB0040E1DF /* JourneyTileView.swift */ = {isa = PBXFileReference; lastKnownFileType = sourcecode.swift; path = JourneyTileView.swift; sourceTree = "<group>"; };
		FA27CD5C2A56C70C003524C3 /* UserData.swift */ = {isa = PBXFileReference; lastKnownFileType = sourcecode.swift; path = UserData.swift; sourceTree = "<group>"; };
		FA27CD5E2A56D35B003524C3 /* Utility.swift */ = {isa = PBXFileReference; lastKnownFileType = sourcecode.swift; path = Utility.swift; sourceTree = "<group>"; };
		FA328A4E2A543B9F00978DB7 /* SearchJourneyTileView.swift */ = {isa = PBXFileReference; lastKnownFileType = sourcecode.swift; path = SearchJourneyTileView.swift; sourceTree = "<group>"; };
		FA4984E32A4D68DE00F683CF /* NotificationHelper.swift */ = {isa = PBXFileReference; lastKnownFileType = sourcecode.swift; path = NotificationHelper.swift; sourceTree = "<group>"; };
		FA4984E72A4EAB5300F683CF /* SelectJourneyView.swift */ = {isa = PBXFileReference; lastKnownFileType = sourcecode.swift; path = SelectJourneyView.swift; sourceTree = "<group>"; };
		FA4984E92A4EAB9100F683CF /* MainTabView.swift */ = {isa = PBXFileReference; lastKnownFileType = sourcecode.swift; path = MainTabView.swift; sourceTree = "<group>"; };
		FA4984EB2A4EAD2500F683CF /* AccountSettingsView.swift */ = {isa = PBXFileReference; lastKnownFileType = sourcecode.swift; path = AccountSettingsView.swift; sourceTree = "<group>"; };
		FA4F8BBB2A530731003877C2 /* CurrentJourneyTileView.swift */ = {isa = PBXFileReference; lastKnownFileType = sourcecode.swift; path = CurrentJourneyTileView.swift; sourceTree = "<group>"; };
		FAA0272D2A49D1A600339F34 /* README.md */ = {isa = PBXFileReference; lastKnownFileType = net.daringfireball.markdown; path = README.md; sourceTree = "<group>"; };
		FAAB40582A49D02900134323 /* FaehrtSie-iOS.app */ = {isa = PBXFileReference; explicitFileType = wrapper.application; includeInIndex = 0; path = "FaehrtSie-iOS.app"; sourceTree = BUILT_PRODUCTS_DIR; };
		FAAB405B2A49D02900134323 /* FaehrtSie_iOSApp.swift */ = {isa = PBXFileReference; lastKnownFileType = sourcecode.swift; path = FaehrtSie_iOSApp.swift; sourceTree = "<group>"; };
		FAAB405D2A49D02900134323 /* ContentView.swift */ = {isa = PBXFileReference; lastKnownFileType = sourcecode.swift; path = ContentView.swift; sourceTree = "<group>"; };
		FAAB405F2A49D02D00134323 /* Assets.xcassets */ = {isa = PBXFileReference; lastKnownFileType = folder.assetcatalog; path = Assets.xcassets; sourceTree = "<group>"; };
		FAAB40612A49D02D00134323 /* FaehrtSie_iOS.entitlements */ = {isa = PBXFileReference; lastKnownFileType = text.plist.entitlements; path = FaehrtSie_iOS.entitlements; sourceTree = "<group>"; };
		FAAB40632A49D02D00134323 /* Preview Assets.xcassets */ = {isa = PBXFileReference; lastKnownFileType = folder.assetcatalog; path = "Preview Assets.xcassets"; sourceTree = "<group>"; };
		FAAB40692A49D02E00134323 /* FaehrtSie-iOSTests.xctest */ = {isa = PBXFileReference; explicitFileType = wrapper.cfbundle; includeInIndex = 0; path = "FaehrtSie-iOSTests.xctest"; sourceTree = BUILT_PRODUCTS_DIR; };
		FAAB406D2A49D02E00134323 /* FaehrtSie_iOSTests.swift */ = {isa = PBXFileReference; lastKnownFileType = sourcecode.swift; path = FaehrtSie_iOSTests.swift; sourceTree = "<group>"; };
		FAAB40732A49D02E00134323 /* FaehrtSie-iOSUITests.xctest */ = {isa = PBXFileReference; explicitFileType = wrapper.cfbundle; includeInIndex = 0; path = "FaehrtSie-iOSUITests.xctest"; sourceTree = BUILT_PRODUCTS_DIR; };
		FAAB40772A49D02E00134323 /* FaehrtSie_iOSUITests.swift */ = {isa = PBXFileReference; lastKnownFileType = sourcecode.swift; path = FaehrtSie_iOSUITests.swift; sourceTree = "<group>"; };
		FAAB40792A49D02E00134323 /* FaehrtSie_iOSUITestsLaunchTests.swift */ = {isa = PBXFileReference; lastKnownFileType = sourcecode.swift; path = FaehrtSie_iOSUITestsLaunchTests.swift; sourceTree = "<group>"; };
		FAD6F5202A55D97B0081CD76 /* Schedule.swift */ = {isa = PBXFileReference; lastKnownFileType = sourcecode.swift; path = Schedule.swift; sourceTree = "<group>"; };
		FADE707D2A55A4FE00B3E2A4 /* NetworkHandler.swift */ = {isa = PBXFileReference; fileEncoding = 4; lastKnownFileType = sourcecode.swift; path = NetworkHandler.swift; sourceTree = "<group>"; };
		FAE719B92A4EB83400F12E2E /* NextRidesView.swift */ = {isa = PBXFileReference; lastKnownFileType = sourcecode.swift; path = NextRidesView.swift; sourceTree = "<group>"; };
		FAE719BC2A4EC36800F12E2E /* Journey.swift */ = {isa = PBXFileReference; lastKnownFileType = sourcecode.swift; path = Journey.swift; sourceTree = "<group>"; };
		FAF604952A58053E00AEC499 /* ErrorFerryTileView.swift */ = {isa = PBXFileReference; lastKnownFileType = sourcecode.swift; path = ErrorFerryTileView.swift; sourceTree = "<group>"; };
/* End PBXFileReference section */

/* Begin PBXFrameworksBuildPhase section */
		FAAB40552A49D02900134323 /* Frameworks */ = {
			isa = PBXFrameworksBuildPhase;
			buildActionMask = 2147483647;
			files = (
				FA107E292A5597580023862E /* Alamofire in Frameworks */,
			);
			runOnlyForDeploymentPostprocessing = 0;
		};
		FAAB40662A49D02E00134323 /* Frameworks */ = {
			isa = PBXFrameworksBuildPhase;
			buildActionMask = 2147483647;
			files = (
			);
			runOnlyForDeploymentPostprocessing = 0;
		};
		FAAB40702A49D02E00134323 /* Frameworks */ = {
			isa = PBXFrameworksBuildPhase;
			buildActionMask = 2147483647;
			files = (
			);
			runOnlyForDeploymentPostprocessing = 0;
		};
/* End PBXFrameworksBuildPhase section */

/* Begin PBXGroup section */
		FA1E871A2A4F181C0040E1DF /* Handlers */ = {
			isa = PBXGroup;
			children = (
				FADE707D2A55A4FE00B3E2A4 /* NetworkHandler.swift */,
				FA1E871B2A4F182D0040E1DF /* DataHandler.swift */,
			);
			path = Handlers;
			sourceTree = "<group>";
		};
		FA4984E22A4D68C800F683CF /* Helper */ = {
			isa = PBXGroup;
			children = (
				FA4984E32A4D68DE00F683CF /* NotificationHelper.swift */,
			);
			path = Helper;
			sourceTree = "<group>";
		};
		FA4984E52A4EAB2F00F683CF /* Views */ = {
			isa = PBXGroup;
			children = (
				FA1E871F2A4F1ABB0040E1DF /* JourneyTileView.swift */,
				FA4F8BBB2A530731003877C2 /* CurrentJourneyTileView.swift */,
				FA328A4E2A543B9F00978DB7 /* SearchJourneyTileView.swift */,
				FAF604952A58053E00AEC499 /* ErrorFerryTileView.swift */,
			);
			path = Views;
			sourceTree = "<group>";
		};
		FA4984E62A4EAB3D00F683CF /* Pages */ = {
			isa = PBXGroup;
			children = (
				FA4984E72A4EAB5300F683CF /* SelectJourneyView.swift */,
				FA4984EB2A4EAD2500F683CF /* AccountSettingsView.swift */,
				FAE719B92A4EB83400F12E2E /* NextRidesView.swift */,
			);
			path = Pages;
			sourceTree = "<group>";
		};
		FAAB404F2A49D02900134323 = {
			isa = PBXGroup;
			children = (
				FAA0272D2A49D1A600339F34 /* README.md */,
				FAAB405A2A49D02900134323 /* FaehrtSie-iOS */,
				FAAB406C2A49D02E00134323 /* FaehrtSie-iOSTests */,
				FAAB40762A49D02E00134323 /* FaehrtSie-iOSUITests */,
				FAAB40592A49D02900134323 /* Products */,
			);
			sourceTree = "<group>";
		};
		FAAB40592A49D02900134323 /* Products */ = {
			isa = PBXGroup;
			children = (
				FAAB40582A49D02900134323 /* FaehrtSie-iOS.app */,
				FAAB40692A49D02E00134323 /* FaehrtSie-iOSTests.xctest */,
				FAAB40732A49D02E00134323 /* FaehrtSie-iOSUITests.xctest */,
			);
			name = Products;
			sourceTree = "<group>";
		};
		FAAB405A2A49D02900134323 /* FaehrtSie-iOS */ = {
			isa = PBXGroup;
			children = (
				FA0C4EB02A55608500FA8B90 /* Design.swift */,
				FA1E871A2A4F181C0040E1DF /* Handlers */,
				FAE719BB2A4EC34F00F12E2E /* Models */,
				FA4984E62A4EAB3D00F683CF /* Pages */,
				FA4984E52A4EAB2F00F683CF /* Views */,
				FA4984E22A4D68C800F683CF /* Helper */,
				FAAB405B2A49D02900134323 /* FaehrtSie_iOSApp.swift */,
				FA4984E92A4EAB9100F683CF /* MainTabView.swift */,
				FAAB405D2A49D02900134323 /* ContentView.swift */,
				FAAB405F2A49D02D00134323 /* Assets.xcassets */,
				FAAB40612A49D02D00134323 /* FaehrtSie_iOS.entitlements */,
				FAAB40622A49D02D00134323 /* Preview Content */,
				FA27CD5E2A56D35B003524C3 /* Utility.swift */,
			);
			path = "FaehrtSie-iOS";
			sourceTree = "<group>";
		};
		FAAB40622A49D02D00134323 /* Preview Content */ = {
			isa = PBXGroup;
			children = (
				FAAB40632A49D02D00134323 /* Preview Assets.xcassets */,
			);
			path = "Preview Content";
			sourceTree = "<group>";
		};
		FAAB406C2A49D02E00134323 /* FaehrtSie-iOSTests */ = {
			isa = PBXGroup;
			children = (
				FAAB406D2A49D02E00134323 /* FaehrtSie_iOSTests.swift */,
			);
			path = "FaehrtSie-iOSTests";
			sourceTree = "<group>";
		};
		FAAB40762A49D02E00134323 /* FaehrtSie-iOSUITests */ = {
			isa = PBXGroup;
			children = (
				FAAB40772A49D02E00134323 /* FaehrtSie_iOSUITests.swift */,
				FAAB40792A49D02E00134323 /* FaehrtSie_iOSUITestsLaunchTests.swift */,
			);
			path = "FaehrtSie-iOSUITests";
			sourceTree = "<group>";
		};
		FAE719BB2A4EC34F00F12E2E /* Models */ = {
			isa = PBXGroup;
			children = (
				FAE719BC2A4EC36800F12E2E /* Journey.swift */,
				FAD6F5202A55D97B0081CD76 /* Schedule.swift */,
				FA27CD5C2A56C70C003524C3 /* UserData.swift */,
			);
			path = Models;
			sourceTree = "<group>";
		};
/* End PBXGroup section */

/* Begin PBXNativeTarget section */
		FAAB40572A49D02900134323 /* FaehrtSie-iOS */ = {
			isa = PBXNativeTarget;
			buildConfigurationList = FAAB407D2A49D02E00134323 /* Build configuration list for PBXNativeTarget "FaehrtSie-iOS" */;
			buildPhases = (
				FAAB40542A49D02900134323 /* Sources */,
				FAAB40552A49D02900134323 /* Frameworks */,
				FAAB40562A49D02900134323 /* Resources */,
			);
			buildRules = (
			);
			dependencies = (
			);
			name = "FaehrtSie-iOS";
			packageProductDependencies = (
				FA107E282A5597580023862E /* Alamofire */,
			);
			productName = "FaehrtSie-iOS";
			productReference = FAAB40582A49D02900134323 /* FaehrtSie-iOS.app */;
			productType = "com.apple.product-type.application";
		};
		FAAB40682A49D02E00134323 /* FaehrtSie-iOSTests */ = {
			isa = PBXNativeTarget;
			buildConfigurationList = FAAB40802A49D02E00134323 /* Build configuration list for PBXNativeTarget "FaehrtSie-iOSTests" */;
			buildPhases = (
				FAAB40652A49D02E00134323 /* Sources */,
				FAAB40662A49D02E00134323 /* Frameworks */,
				FAAB40672A49D02E00134323 /* Resources */,
			);
			buildRules = (
			);
			dependencies = (
				FAAB406B2A49D02E00134323 /* PBXTargetDependency */,
			);
			name = "FaehrtSie-iOSTests";
			productName = "FaehrtSie-iOSTests";
			productReference = FAAB40692A49D02E00134323 /* FaehrtSie-iOSTests.xctest */;
			productType = "com.apple.product-type.bundle.unit-test";
		};
		FAAB40722A49D02E00134323 /* FaehrtSie-iOSUITests */ = {
			isa = PBXNativeTarget;
			buildConfigurationList = FAAB40832A49D02E00134323 /* Build configuration list for PBXNativeTarget "FaehrtSie-iOSUITests" */;
			buildPhases = (
				FAAB406F2A49D02E00134323 /* Sources */,
				FAAB40702A49D02E00134323 /* Frameworks */,
				FAAB40712A49D02E00134323 /* Resources */,
			);
			buildRules = (
			);
			dependencies = (
				FAAB40752A49D02E00134323 /* PBXTargetDependency */,
			);
			name = "FaehrtSie-iOSUITests";
			productName = "FaehrtSie-iOSUITests";
			productReference = FAAB40732A49D02E00134323 /* FaehrtSie-iOSUITests.xctest */;
			productType = "com.apple.product-type.bundle.ui-testing";
		};
/* End PBXNativeTarget section */

/* Begin PBXProject section */
		FAAB40502A49D02900134323 /* Project object */ = {
			isa = PBXProject;
			attributes = {
				BuildIndependentTargetsInParallel = 1;
				LastSwiftUpdateCheck = 1430;
				LastUpgradeCheck = 1430;
				TargetAttributes = {
					FAAB40572A49D02900134323 = {
						CreatedOnToolsVersion = 14.3.1;
					};
					FAAB40682A49D02E00134323 = {
						CreatedOnToolsVersion = 14.3.1;
						TestTargetID = FAAB40572A49D02900134323;
					};
					FAAB40722A49D02E00134323 = {
						CreatedOnToolsVersion = 14.3.1;
						TestTargetID = FAAB40572A49D02900134323;
					};
				};
			};
			buildConfigurationList = FAAB40532A49D02900134323 /* Build configuration list for PBXProject "FaehrtSie-iOS" */;
			compatibilityVersion = "Xcode 14.0";
			developmentRegion = en;
			hasScannedForEncodings = 0;
			knownRegions = (
				en,
				Base,
			);
			mainGroup = FAAB404F2A49D02900134323;
			packageReferences = (
				FA107E272A5597580023862E /* XCRemoteSwiftPackageReference "Alamofire" */,
			);
			productRefGroup = FAAB40592A49D02900134323 /* Products */;
			projectDirPath = "";
			projectRoot = "";
			targets = (
				FAAB40572A49D02900134323 /* FaehrtSie-iOS */,
				FAAB40682A49D02E00134323 /* FaehrtSie-iOSTests */,
				FAAB40722A49D02E00134323 /* FaehrtSie-iOSUITests */,
			);
		};
/* End PBXProject section */

/* Begin PBXResourcesBuildPhase section */
		FAAB40562A49D02900134323 /* Resources */ = {
			isa = PBXResourcesBuildPhase;
			buildActionMask = 2147483647;
			files = (
				FAAB40642A49D02D00134323 /* Preview Assets.xcassets in Resources */,
				FAAB40602A49D02D00134323 /* Assets.xcassets in Resources */,
			);
			runOnlyForDeploymentPostprocessing = 0;
		};
		FAAB40672A49D02E00134323 /* Resources */ = {
			isa = PBXResourcesBuildPhase;
			buildActionMask = 2147483647;
			files = (
			);
			runOnlyForDeploymentPostprocessing = 0;
		};
		FAAB40712A49D02E00134323 /* Resources */ = {
			isa = PBXResourcesBuildPhase;
			buildActionMask = 2147483647;
			files = (
			);
			runOnlyForDeploymentPostprocessing = 0;
		};
/* End PBXResourcesBuildPhase section */

/* Begin PBXSourcesBuildPhase section */
		FAAB40542A49D02900134323 /* Sources */ = {
			isa = PBXSourcesBuildPhase;
			buildActionMask = 2147483647;
			files = (
				FA4984E42A4D68DE00F683CF /* NotificationHelper.swift in Sources */,
				FA328A4F2A543B9F00978DB7 /* SearchJourneyTileView.swift in Sources */,
				FA27CD5D2A56C70C003524C3 /* UserData.swift in Sources */,
				FA4F8BBC2A530731003877C2 /* CurrentJourneyTileView.swift in Sources */,
				FAD6F5212A55D97B0081CD76 /* Schedule.swift in Sources */,
				FAE719BA2A4EB83500F12E2E /* NextRidesView.swift in Sources */,
				FA4984EC2A4EAD2500F683CF /* AccountSettingsView.swift in Sources */,
				FAAB405E2A49D02900134323 /* ContentView.swift in Sources */,
				FA1E871C2A4F182D0040E1DF /* DataHandler.swift in Sources */,
				FAE719BD2A4EC36800F12E2E /* Journey.swift in Sources */,
				FA4984E82A4EAB5300F683CF /* SelectJourneyView.swift in Sources */,
				FAAB405C2A49D02900134323 /* FaehrtSie_iOSApp.swift in Sources */,
				FAF604962A58053E00AEC499 /* ErrorFerryTileView.swift in Sources */,
				FA0C4EB12A55608500FA8B90 /* Design.swift in Sources */,
				FA4984EA2A4EAB9100F683CF /* MainTabView.swift in Sources */,
				FA1E87202A4F1ABB0040E1DF /* JourneyTileView.swift in Sources */,
				FADE707E2A55A4FE00B3E2A4 /* NetworkHandler.swift in Sources */,
				FA27CD5F2A56D35B003524C3 /* Utility.swift in Sources */,
			);
			runOnlyForDeploymentPostprocessing = 0;
		};
		FAAB40652A49D02E00134323 /* Sources */ = {
			isa = PBXSourcesBuildPhase;
			buildActionMask = 2147483647;
			files = (
				FAAB406E2A49D02E00134323 /* FaehrtSie_iOSTests.swift in Sources */,
			);
			runOnlyForDeploymentPostprocessing = 0;
		};
		FAAB406F2A49D02E00134323 /* Sources */ = {
			isa = PBXSourcesBuildPhase;
			buildActionMask = 2147483647;
			files = (
				FAAB407A2A49D02E00134323 /* FaehrtSie_iOSUITestsLaunchTests.swift in Sources */,
				FAAB40782A49D02E00134323 /* FaehrtSie_iOSUITests.swift in Sources */,
			);
			runOnlyForDeploymentPostprocessing = 0;
		};
/* End PBXSourcesBuildPhase section */

/* Begin PBXTargetDependency section */
		FAAB406B2A49D02E00134323 /* PBXTargetDependency */ = {
			isa = PBXTargetDependency;
			target = FAAB40572A49D02900134323 /* FaehrtSie-iOS */;
			targetProxy = FAAB406A2A49D02E00134323 /* PBXContainerItemProxy */;
		};
		FAAB40752A49D02E00134323 /* PBXTargetDependency */ = {
			isa = PBXTargetDependency;
			target = FAAB40572A49D02900134323 /* FaehrtSie-iOS */;
			targetProxy = FAAB40742A49D02E00134323 /* PBXContainerItemProxy */;
		};
/* End PBXTargetDependency section */

/* Begin XCBuildConfiguration section */
		FAAB407B2A49D02E00134323 /* Debug */ = {
			isa = XCBuildConfiguration;
			buildSettings = {
				ALWAYS_SEARCH_USER_PATHS = NO;
				CLANG_ANALYZER_NONNULL = YES;
				CLANG_ANALYZER_NUMBER_OBJECT_CONVERSION = YES_AGGRESSIVE;
				CLANG_CXX_LANGUAGE_STANDARD = "gnu++20";
				CLANG_ENABLE_MODULES = YES;
				CLANG_ENABLE_OBJC_ARC = YES;
				CLANG_ENABLE_OBJC_WEAK = YES;
				CLANG_WARN_BLOCK_CAPTURE_AUTORELEASING = YES;
				CLANG_WARN_BOOL_CONVERSION = YES;
				CLANG_WARN_COMMA = YES;
				CLANG_WARN_CONSTANT_CONVERSION = YES;
				CLANG_WARN_DEPRECATED_OBJC_IMPLEMENTATIONS = YES;
				CLANG_WARN_DIRECT_OBJC_ISA_USAGE = YES_ERROR;
				CLANG_WARN_DOCUMENTATION_COMMENTS = YES;
				CLANG_WARN_EMPTY_BODY = YES;
				CLANG_WARN_ENUM_CONVERSION = YES;
				CLANG_WARN_INFINITE_RECURSION = YES;
				CLANG_WARN_INT_CONVERSION = YES;
				CLANG_WARN_NON_LITERAL_NULL_CONVERSION = YES;
				CLANG_WARN_OBJC_IMPLICIT_RETAIN_SELF = YES;
				CLANG_WARN_OBJC_LITERAL_CONVERSION = YES;
				CLANG_WARN_OBJC_ROOT_CLASS = YES_ERROR;
				CLANG_WARN_QUOTED_INCLUDE_IN_FRAMEWORK_HEADER = YES;
				CLANG_WARN_RANGE_LOOP_ANALYSIS = YES;
				CLANG_WARN_STRICT_PROTOTYPES = YES;
				CLANG_WARN_SUSPICIOUS_MOVE = YES;
				CLANG_WARN_UNGUARDED_AVAILABILITY = YES_AGGRESSIVE;
				CLANG_WARN_UNREACHABLE_CODE = YES;
				CLANG_WARN__DUPLICATE_METHOD_MATCH = YES;
				COPY_PHASE_STRIP = NO;
				DEBUG_INFORMATION_FORMAT = dwarf;
				ENABLE_STRICT_OBJC_MSGSEND = YES;
				ENABLE_TESTABILITY = YES;
				GCC_C_LANGUAGE_STANDARD = gnu11;
				GCC_DYNAMIC_NO_PIC = NO;
				GCC_NO_COMMON_BLOCKS = YES;
				GCC_OPTIMIZATION_LEVEL = 0;
				GCC_PREPROCESSOR_DEFINITIONS = (
					"DEBUG=1",
					"$(inherited)",
				);
				GCC_WARN_64_TO_32_BIT_CONVERSION = YES;
				GCC_WARN_ABOUT_RETURN_TYPE = YES_ERROR;
				GCC_WARN_UNDECLARED_SELECTOR = YES;
				GCC_WARN_UNINITIALIZED_AUTOS = YES_AGGRESSIVE;
				GCC_WARN_UNUSED_FUNCTION = YES;
				GCC_WARN_UNUSED_VARIABLE = YES;
				MTL_ENABLE_DEBUG_INFO = INCLUDE_SOURCE;
				MTL_FAST_MATH = YES;
				ONLY_ACTIVE_ARCH = YES;
				SWIFT_ACTIVE_COMPILATION_CONDITIONS = DEBUG;
				SWIFT_OPTIMIZATION_LEVEL = "-Onone";
			};
			name = Debug;
		};
		FAAB407C2A49D02E00134323 /* Release */ = {
			isa = XCBuildConfiguration;
			buildSettings = {
				ALWAYS_SEARCH_USER_PATHS = NO;
				CLANG_ANALYZER_NONNULL = YES;
				CLANG_ANALYZER_NUMBER_OBJECT_CONVERSION = YES_AGGRESSIVE;
				CLANG_CXX_LANGUAGE_STANDARD = "gnu++20";
				CLANG_ENABLE_MODULES = YES;
				CLANG_ENABLE_OBJC_ARC = YES;
				CLANG_ENABLE_OBJC_WEAK = YES;
				CLANG_WARN_BLOCK_CAPTURE_AUTORELEASING = YES;
				CLANG_WARN_BOOL_CONVERSION = YES;
				CLANG_WARN_COMMA = YES;
				CLANG_WARN_CONSTANT_CONVERSION = YES;
				CLANG_WARN_DEPRECATED_OBJC_IMPLEMENTATIONS = YES;
				CLANG_WARN_DIRECT_OBJC_ISA_USAGE = YES_ERROR;
				CLANG_WARN_DOCUMENTATION_COMMENTS = YES;
				CLANG_WARN_EMPTY_BODY = YES;
				CLANG_WARN_ENUM_CONVERSION = YES;
				CLANG_WARN_INFINITE_RECURSION = YES;
				CLANG_WARN_INT_CONVERSION = YES;
				CLANG_WARN_NON_LITERAL_NULL_CONVERSION = YES;
				CLANG_WARN_OBJC_IMPLICIT_RETAIN_SELF = YES;
				CLANG_WARN_OBJC_LITERAL_CONVERSION = YES;
				CLANG_WARN_OBJC_ROOT_CLASS = YES_ERROR;
				CLANG_WARN_QUOTED_INCLUDE_IN_FRAMEWORK_HEADER = YES;
				CLANG_WARN_RANGE_LOOP_ANALYSIS = YES;
				CLANG_WARN_STRICT_PROTOTYPES = YES;
				CLANG_WARN_SUSPICIOUS_MOVE = YES;
				CLANG_WARN_UNGUARDED_AVAILABILITY = YES_AGGRESSIVE;
				CLANG_WARN_UNREACHABLE_CODE = YES;
				CLANG_WARN__DUPLICATE_METHOD_MATCH = YES;
				COPY_PHASE_STRIP = NO;
				DEBUG_INFORMATION_FORMAT = "dwarf-with-dsym";
				ENABLE_NS_ASSERTIONS = NO;
				ENABLE_STRICT_OBJC_MSGSEND = YES;
				GCC_C_LANGUAGE_STANDARD = gnu11;
				GCC_NO_COMMON_BLOCKS = YES;
				GCC_WARN_64_TO_32_BIT_CONVERSION = YES;
				GCC_WARN_ABOUT_RETURN_TYPE = YES_ERROR;
				GCC_WARN_UNDECLARED_SELECTOR = YES;
				GCC_WARN_UNINITIALIZED_AUTOS = YES_AGGRESSIVE;
				GCC_WARN_UNUSED_FUNCTION = YES;
				GCC_WARN_UNUSED_VARIABLE = YES;
				MTL_ENABLE_DEBUG_INFO = NO;
				MTL_FAST_MATH = YES;
				SWIFT_COMPILATION_MODE = wholemodule;
				SWIFT_OPTIMIZATION_LEVEL = "-O";
			};
			name = Release;
		};
		FAAB407E2A49D02E00134323 /* Debug */ = {
			isa = XCBuildConfiguration;
			buildSettings = {
				ASSETCATALOG_COMPILER_APPICON_NAME = AppIcon;
				ASSETCATALOG_COMPILER_GLOBAL_ACCENT_COLOR_NAME = AccentColor;
				ASSETCATALOG_COMPILER_INCLUDE_ALL_APPICON_ASSETS = NO;
				CODE_SIGN_ENTITLEMENTS = "FaehrtSie-iOS/FaehrtSie_iOS.entitlements";
				"CODE_SIGN_IDENTITY[sdk=macosx*]" = "Apple Development";
				CODE_SIGN_STYLE = Automatic;
				CURRENT_PROJECT_VERSION = 1;
				DEVELOPMENT_ASSET_PATHS = "\"FaehrtSie-iOS/Preview Content\"";
				DEVELOPMENT_TEAM = PY6C5VDM9T;
				ENABLE_PREVIEWS = YES;
				GENERATE_INFOPLIST_FILE = YES;
				INFOPLIST_KEY_CFBundleDisplayName = "Faehrt sie?";
				INFOPLIST_KEY_LSApplicationCategoryType = "public.app-category.travel";
				"INFOPLIST_KEY_UIApplicationSceneManifest_Generation[sdk=iphoneos*]" = YES;
				"INFOPLIST_KEY_UIApplicationSceneManifest_Generation[sdk=iphonesimulator*]" = YES;
				"INFOPLIST_KEY_UIApplicationSupportsIndirectInputEvents[sdk=iphoneos*]" = YES;
				"INFOPLIST_KEY_UIApplicationSupportsIndirectInputEvents[sdk=iphonesimulator*]" = YES;
				"INFOPLIST_KEY_UILaunchScreen_Generation[sdk=iphoneos*]" = YES;
				"INFOPLIST_KEY_UILaunchScreen_Generation[sdk=iphonesimulator*]" = YES;
				INFOPLIST_KEY_UIStatusBarStyle = "";
				"INFOPLIST_KEY_UIStatusBarStyle[sdk=iphoneos*]" = UIStatusBarStyleDefault;
				"INFOPLIST_KEY_UIStatusBarStyle[sdk=iphonesimulator*]" = UIStatusBarStyleDefault;
				INFOPLIST_KEY_UISupportedInterfaceOrientations = UIInterfaceOrientationPortrait;
				INFOPLIST_KEY_UISupportedInterfaceOrientations_iPad = "UIInterfaceOrientationLandscapeLeft UIInterfaceOrientationLandscapeRight UIInterfaceOrientationPortrait UIInterfaceOrientationPortraitUpsideDown";
				IPHONEOS_DEPLOYMENT_TARGET = 16.4;
				LD_RUNPATH_SEARCH_PATHS = "@executable_path/Frameworks";
				"LD_RUNPATH_SEARCH_PATHS[sdk=macosx*]" = "@executable_path/../Frameworks";
				MACOSX_DEPLOYMENT_TARGET = 13.3;
				MARKETING_VERSION = 1.0;
				PRODUCT_BUNDLE_IDENTIFIER = "dev.bembel.FaehrtSie-iOS";
				PRODUCT_NAME = "$(TARGET_NAME)";
				SDKROOT = auto;
				SUPPORTED_PLATFORMS = "iphoneos iphonesimulator";
				SUPPORTS_MACCATALYST = NO;
				SUPPORTS_MAC_DESIGNED_FOR_IPHONE_IPAD = NO;
				SWIFT_EMIT_LOC_STRINGS = YES;
				SWIFT_VERSION = 5.0;
				TARGETED_DEVICE_FAMILY = "1,2";
			};
			name = Debug;
		};
		FAAB407F2A49D02E00134323 /* Release */ = {
			isa = XCBuildConfiguration;
			buildSettings = {
				ASSETCATALOG_COMPILER_APPICON_NAME = AppIcon;
				ASSETCATALOG_COMPILER_GLOBAL_ACCENT_COLOR_NAME = AccentColor;
				ASSETCATALOG_COMPILER_INCLUDE_ALL_APPICON_ASSETS = NO;
				CODE_SIGN_ENTITLEMENTS = "FaehrtSie-iOS/FaehrtSie_iOS.entitlements";
				"CODE_SIGN_IDENTITY[sdk=macosx*]" = "Apple Development";
				CODE_SIGN_STYLE = Automatic;
				CURRENT_PROJECT_VERSION = 1;
				DEVELOPMENT_ASSET_PATHS = "\"FaehrtSie-iOS/Preview Content\"";
				DEVELOPMENT_TEAM = PY6C5VDM9T;
				ENABLE_PREVIEWS = YES;
				GENERATE_INFOPLIST_FILE = YES;
				INFOPLIST_KEY_CFBundleDisplayName = "Faehrt sie?";
				INFOPLIST_KEY_LSApplicationCategoryType = "public.app-category.travel";
				"INFOPLIST_KEY_UIApplicationSceneManifest_Generation[sdk=iphoneos*]" = YES;
				"INFOPLIST_KEY_UIApplicationSceneManifest_Generation[sdk=iphonesimulator*]" = YES;
				"INFOPLIST_KEY_UIApplicationSupportsIndirectInputEvents[sdk=iphoneos*]" = YES;
				"INFOPLIST_KEY_UIApplicationSupportsIndirectInputEvents[sdk=iphonesimulator*]" = YES;
				"INFOPLIST_KEY_UILaunchScreen_Generation[sdk=iphoneos*]" = YES;
				"INFOPLIST_KEY_UILaunchScreen_Generation[sdk=iphonesimulator*]" = YES;
				INFOPLIST_KEY_UIStatusBarStyle = "";
				"INFOPLIST_KEY_UIStatusBarStyle[sdk=iphoneos*]" = UIStatusBarStyleDefault;
				"INFOPLIST_KEY_UIStatusBarStyle[sdk=iphonesimulator*]" = UIStatusBarStyleDefault;
				INFOPLIST_KEY_UISupportedInterfaceOrientations = UIInterfaceOrientationPortrait;
				INFOPLIST_KEY_UISupportedInterfaceOrientations_iPad = "UIInterfaceOrientationLandscapeLeft UIInterfaceOrientationLandscapeRight UIInterfaceOrientationPortrait UIInterfaceOrientationPortraitUpsideDown";
				IPHONEOS_DEPLOYMENT_TARGET = 16.4;
				LD_RUNPATH_SEARCH_PATHS = "@executable_path/Frameworks";
				"LD_RUNPATH_SEARCH_PATHS[sdk=macosx*]" = "@executable_path/../Frameworks";
				MACOSX_DEPLOYMENT_TARGET = 13.3;
				MARKETING_VERSION = 1.0;
				PRODUCT_BUNDLE_IDENTIFIER = "dev.bembel.FaehrtSie-iOS";
				PRODUCT_NAME = "$(TARGET_NAME)";
				SDKROOT = auto;
				SUPPORTED_PLATFORMS = "iphoneos iphonesimulator";
				SUPPORTS_MACCATALYST = NO;
				SUPPORTS_MAC_DESIGNED_FOR_IPHONE_IPAD = NO;
				SWIFT_EMIT_LOC_STRINGS = YES;
				SWIFT_VERSION = 5.0;
				TARGETED_DEVICE_FAMILY = "1,2";
			};
			name = Release;
		};
		FAAB40812A49D02E00134323 /* Debug */ = {
			isa = XCBuildConfiguration;
			buildSettings = {
				ALWAYS_EMBED_SWIFT_STANDARD_LIBRARIES = YES;
				BUNDLE_LOADER = "$(TEST_HOST)";
				CODE_SIGN_STYLE = Automatic;
				CURRENT_PROJECT_VERSION = 1;
				GENERATE_INFOPLIST_FILE = YES;
				IPHONEOS_DEPLOYMENT_TARGET = 16.4;
				MACOSX_DEPLOYMENT_TARGET = 13.3;
				MARKETING_VERSION = 1.0;
				PRODUCT_BUNDLE_IDENTIFIER = "dev.bembel.FaehrtSie-iOSTests";
				PRODUCT_NAME = "$(TARGET_NAME)";
				SDKROOT = auto;
				SUPPORTED_PLATFORMS = "iphoneos iphonesimulator macosx";
				SWIFT_EMIT_LOC_STRINGS = NO;
				SWIFT_VERSION = 5.0;
				TARGETED_DEVICE_FAMILY = "1,2";
				TEST_HOST = "$(BUILT_PRODUCTS_DIR)/FaehrtSie-iOS.app/$(BUNDLE_EXECUTABLE_FOLDER_PATH)/FaehrtSie-iOS";
			};
			name = Debug;
		};
		FAAB40822A49D02E00134323 /* Release */ = {
			isa = XCBuildConfiguration;
			buildSettings = {
				ALWAYS_EMBED_SWIFT_STANDARD_LIBRARIES = YES;
				BUNDLE_LOADER = "$(TEST_HOST)";
				CODE_SIGN_STYLE = Automatic;
				CURRENT_PROJECT_VERSION = 1;
				GENERATE_INFOPLIST_FILE = YES;
				IPHONEOS_DEPLOYMENT_TARGET = 16.4;
				MACOSX_DEPLOYMENT_TARGET = 13.3;
				MARKETING_VERSION = 1.0;
				PRODUCT_BUNDLE_IDENTIFIER = "dev.bembel.FaehrtSie-iOSTests";
				PRODUCT_NAME = "$(TARGET_NAME)";
				SDKROOT = auto;
				SUPPORTED_PLATFORMS = "iphoneos iphonesimulator macosx";
				SWIFT_EMIT_LOC_STRINGS = NO;
				SWIFT_VERSION = 5.0;
				TARGETED_DEVICE_FAMILY = "1,2";
				TEST_HOST = "$(BUILT_PRODUCTS_DIR)/FaehrtSie-iOS.app/$(BUNDLE_EXECUTABLE_FOLDER_PATH)/FaehrtSie-iOS";
			};
			name = Release;
		};
		FAAB40842A49D02E00134323 /* Debug */ = {
			isa = XCBuildConfiguration;
			buildSettings = {
				ALWAYS_EMBED_SWIFT_STANDARD_LIBRARIES = YES;
				CODE_SIGN_STYLE = Automatic;
				CURRENT_PROJECT_VERSION = 1;
				GENERATE_INFOPLIST_FILE = YES;
				IPHONEOS_DEPLOYMENT_TARGET = 16.4;
				MACOSX_DEPLOYMENT_TARGET = 13.3;
				MARKETING_VERSION = 1.0;
				PRODUCT_BUNDLE_IDENTIFIER = "dev.bembel.FaehrtSie-iOSUITests";
				PRODUCT_NAME = "$(TARGET_NAME)";
				SDKROOT = auto;
				SUPPORTED_PLATFORMS = "iphoneos iphonesimulator macosx";
				SWIFT_EMIT_LOC_STRINGS = NO;
				SWIFT_VERSION = 5.0;
				TARGETED_DEVICE_FAMILY = "1,2";
				TEST_TARGET_NAME = "FaehrtSie-iOS";
			};
			name = Debug;
		};
		FAAB40852A49D02E00134323 /* Release */ = {
			isa = XCBuildConfiguration;
			buildSettings = {
				ALWAYS_EMBED_SWIFT_STANDARD_LIBRARIES = YES;
				CODE_SIGN_STYLE = Automatic;
				CURRENT_PROJECT_VERSION = 1;
				GENERATE_INFOPLIST_FILE = YES;
				IPHONEOS_DEPLOYMENT_TARGET = 16.4;
				MACOSX_DEPLOYMENT_TARGET = 13.3;
				MARKETING_VERSION = 1.0;
				PRODUCT_BUNDLE_IDENTIFIER = "dev.bembel.FaehrtSie-iOSUITests";
				PRODUCT_NAME = "$(TARGET_NAME)";
				SDKROOT = auto;
				SUPPORTED_PLATFORMS = "iphoneos iphonesimulator macosx";
				SWIFT_EMIT_LOC_STRINGS = NO;
				SWIFT_VERSION = 5.0;
				TARGETED_DEVICE_FAMILY = "1,2";
				TEST_TARGET_NAME = "FaehrtSie-iOS";
			};
			name = Release;
		};
/* End XCBuildConfiguration section */

/* Begin XCConfigurationList section */
		FAAB40532A49D02900134323 /* Build configuration list for PBXProject "FaehrtSie-iOS" */ = {
			isa = XCConfigurationList;
			buildConfigurations = (
				FAAB407B2A49D02E00134323 /* Debug */,
				FAAB407C2A49D02E00134323 /* Release */,
			);
			defaultConfigurationIsVisible = 0;
			defaultConfigurationName = Release;
		};
		FAAB407D2A49D02E00134323 /* Build configuration list for PBXNativeTarget "FaehrtSie-iOS" */ = {
			isa = XCConfigurationList;
			buildConfigurations = (
				FAAB407E2A49D02E00134323 /* Debug */,
				FAAB407F2A49D02E00134323 /* Release */,
			);
			defaultConfigurationIsVisible = 0;
			defaultConfigurationName = Release;
		};
		FAAB40802A49D02E00134323 /* Build configuration list for PBXNativeTarget "FaehrtSie-iOSTests" */ = {
			isa = XCConfigurationList;
			buildConfigurations = (
				FAAB40812A49D02E00134323 /* Debug */,
				FAAB40822A49D02E00134323 /* Release */,
			);
			defaultConfigurationIsVisible = 0;
			defaultConfigurationName = Release;
		};
		FAAB40832A49D02E00134323 /* Build configuration list for PBXNativeTarget "FaehrtSie-iOSUITests" */ = {
			isa = XCConfigurationList;
			buildConfigurations = (
				FAAB40842A49D02E00134323 /* Debug */,
				FAAB40852A49D02E00134323 /* Release */,
			);
			defaultConfigurationIsVisible = 0;
			defaultConfigurationName = Release;
		};
/* End XCConfigurationList section */

/* Begin XCRemoteSwiftPackageReference section */
		FA107E272A5597580023862E /* XCRemoteSwiftPackageReference "Alamofire" */ = {
			isa = XCRemoteSwiftPackageReference;
			repositoryURL = "https://github.com/Alamofire/Alamofire";
			requirement = {
				kind = upToNextMajorVersion;
				minimumVersion = 5.0.0;
			};
		};
/* End XCRemoteSwiftPackageReference section */

/* Begin XCSwiftPackageProductDependency section */
		FA107E282A5597580023862E /* Alamofire */ = {
			isa = XCSwiftPackageProductDependency;
			package = FA107E272A5597580023862E /* XCRemoteSwiftPackageReference "Alamofire" */;
			productName = Alamofire;
		};
/* End XCSwiftPackageProductDependency section */
	};
	rootObject = FAAB40502A49D02900134323 /* Project object */;
}
